# THIS IS AN AUTOGENERATED FILE. DO NOT EDIT THIS FILE DIRECTLY.
# yarn lockfile v1


"convert-hex@~0.1.0":
  "integrity" "sha1-CMBFaJIsJ3drii6BqV05M2LqC2U="
  "resolved" "https://registry.npmjs.org/convert-hex/-/convert-hex-0.1.0.tgz"
  "version" "0.1.0"

"convert-string@~0.1.0":
  "integrity" "sha1-ec5BqbsNA7z3LNxqjzxW+7xkQQo="
  "resolved" "https://registry.npmjs.org/convert-string/-/convert-string-0.1.0.tgz"
  "version" "0.1.0"

"sha256@^0.2.0":
  "integrity" "sha1-c6C0GNqrcDW/+G6EkeNjQS/CqwU="
  "resolved" "https://registry.npmjs.org/sha256/-/sha256-0.2.0.tgz"
  "version" "0.2.0"
  dependencies:
    "convert-hex" "~0.1.0"
    "convert-string" "~0.1.0"
